
Microsoft Visual Studio Solution File, Format Version 12.00
# Visual Studio Version 17
VisualStudioVersion = 17.0.32002.185
MinimumVisualStudioVersion = 10.0.40219.1
Project("{FAE04EC0-301F-11D3-BF4B-00C04F79EFBC}") = "XYZ", "XYZ.csproj", "{A8EFF4D1-9BC6-4609-8555-C67A6514BD9F}"
EndProject
Global
	GlobalSection(SolutionConfigurationPlatforms) = preSolution
		Debug|Any CPU = Debug|Any CPU
		Release|Any CPU = Release|Any CPU
	EndGlobalSection
	GlobalSection(ProjectConfigurationPlatforms) = postSolution
		{A8EFF4D1-9BC6-4609-8555-C67A6514BD9F}.Debug|Any CPU.ActiveCfg = Debug|Any CPU
		{A8EFF4D1-9BC6-4609-8555-C67A6514BD9F}.Debug|Any CPU.Build.0 = Debug|Any CPU
		{A8EFF4D1-9BC6-4609-8555-C67A6514BD9F}.Release|Any CPU.ActiveCfg = Release|Any CPU
		{A8EFF4D1-9BC6-4609-8555-C67A6514BD9F}.Release|Any CPU.Build.0 = Release|Any CPU
	EndGlobalSection
	GlobalSection(SolutionProperties) = preSolution
		HideSolutionNode = FALSE
	EndGlobalSection
	GlobalSection(ExtensibilityGlobals) = postSolution
		SolutionGuid = {86C563AC-6EA6-4E43-8677-9CF1FFD12308}
	EndGlobalSection
EndGlobal
